
Microsoft Visual Studio Solution File, Format Version 12.00
# Visual Studio 15
VisualStudioVersion = 15.0.26730.16
MinimumVisualStudioVersion = 10.0.40219.1
Project("{9A19103F-16F7-4668-BE54-9A1E7A4F7556}") = "Blog.API", "Blog.API\Blog.API.csproj", "{27FF209C-0A2A-45FF-B06F-C761DC57AFD2}"
EndProject
Project("{9A19103F-16F7-4668-BE54-9A1E7A4F7556}") = "Blog.MVC", "Blog.MVC\Blog.MVC.csproj", "{EC8E75E0-A3E8-4AD9-990C-F9BC96CE6B53}"
EndProject
Global
	GlobalSection(SolutionConfigurationPlatforms) = preSolution
		Debug|Any CPU = Debug|Any CPU
		Release|Any CPU = Release|Any CPU
	EndGlobalSection
	GlobalSection(ProjectConfigurationPlatforms) = postSolution
		{27FF209C-0A2A-45FF-B06F-C761DC57AFD2}.Debug|Any CPU.ActiveCfg = Debug|Any CPU
		{27FF209C-0A2A-45FF-B06F-C761DC57AFD2}.Debug|Any CPU.Build.0 = Debug|Any CPU
		{27FF209C-0A2A-45FF-B06F-C761DC57AFD2}.Release|Any CPU.ActiveCfg = Release|Any CPU
		{27FF209C-0A2A-45FF-B06F-C761DC57AFD2}.Release|Any CPU.Build.0 = Release|Any CPU
		{EC8E75E0-A3E8-4AD9-990C-F9BC96CE6B53}.Debug|Any CPU.ActiveCfg = Debug|Any CPU
		{EC8E75E0-A3E8-4AD9-990C-F9BC96CE6B53}.Debug|Any CPU.Build.0 = Debug|Any CPU
		{EC8E75E0-A3E8-4AD9-990C-F9BC96CE6B53}.Release|Any CPU.ActiveCfg = Release|Any CPU
		{EC8E75E0-A3E8-4AD9-990C-F9BC96CE6B53}.Release|Any CPU.Build.0 = Release|Any CPU
	EndGlobalSection
	GlobalSection(SolutionProperties) = preSolution
		HideSolutionNode = FALSE
	EndGlobalSection
	GlobalSection(ExtensibilityGlobals) = postSolution
		SolutionGuid = {B7C340A7-67BD-495C-AA20-DA5096FAA18A}
	EndGlobalSection
EndGlobal
